
Microsoft Visual Studio Solution File, Format Version 12.00
# Visual Studio Version 16
VisualStudioVersion = 16.0.30104.148
MinimumVisualStudioVersion = 10.0.40219.1
Project("{9A19103F-16F7-4668-BE54-9A1E7A4F7556}") = "PaymentApi", "PaymentApi\PaymentApi.csproj", "{7BE69310-A1F8-43B7-9CE2-56118D8559D5}"
EndProject
Project("{FAE04EC0-301F-11D3-BF4B-00C04F79EFBC}") = "PaymentApi.Tests", "PaymentApi.Tests\PaymentApi.Tests.csproj", "{5596812B-80C4-4C63-9574-E35A746F46FF}"
EndProject
Global
	GlobalSection(SolutionConfigurationPlatforms) = preSolution
		Debug|Any CPU = Debug|Any CPU
		Release|Any CPU = Release|Any CPU
	EndGlobalSection
	GlobalSection(ProjectConfigurationPlatforms) = postSolution
		{7BE69310-A1F8-43B7-9CE2-56118D8559D5}.Debug|Any CPU.ActiveCfg = Debug|Any CPU
		{7BE69310-A1F8-43B7-9CE2-56118D8559D5}.Debug|Any CPU.Build.0 = Debug|Any CPU
		{7BE69310-A1F8-43B7-9CE2-56118D8559D5}.Release|Any CPU.ActiveCfg = Release|Any CPU
		{7BE69310-A1F8-43B7-9CE2-56118D8559D5}.Release|Any CPU.Build.0 = Release|Any CPU
		{5596812B-80C4-4C63-9574-E35A746F46FF}.Debug|Any CPU.ActiveCfg = Debug|Any CPU
		{5596812B-80C4-4C63-9574-E35A746F46FF}.Debug|Any CPU.Build.0 = Debug|Any CPU
		{5596812B-80C4-4C63-9574-E35A746F46FF}.Release|Any CPU.ActiveCfg = Release|Any CPU
		{5596812B-80C4-4C63-9574-E35A746F46FF}.Release|Any CPU.Build.0 = Release|Any CPU
	EndGlobalSection
	GlobalSection(SolutionProperties) = preSolution
		HideSolutionNode = FALSE
	EndGlobalSection
	GlobalSection(ExtensibilityGlobals) = postSolution
		SolutionGuid = {CDB1D343-5543-4A25-8BA2-DB86079B1E40}
	EndGlobalSection
EndGlobal
